
Microsoft Visual Studio Solution File, Format Version 12.00
# Visual Studio Version 17
VisualStudioVersion = 17.13.35931.197 d17.13
MinimumVisualStudioVersion = 10.0.40219.1
Project("{FAE04EC0-301F-11D3-BF4B-00C04F79EFBC}") = "TaskTracker_API", "TaskTracker_API\TaskTracker_API.csproj", "{AC2AD74B-1070-4DE6-B68A-AA6C327CFE02}"
EndProject
Global
	GlobalSection(SolutionConfigurationPlatforms) = preSolution
		Debug|Any CPU = Debug|Any CPU
		Release|Any CPU = Release|Any CPU
	EndGlobalSection
	GlobalSection(ProjectConfigurationPlatforms) = postSolution
		{AC2AD74B-1070-4DE6-B68A-AA6C327CFE02}.Debug|Any CPU.ActiveCfg = Debug|Any CPU
		{AC2AD74B-1070-4DE6-B68A-AA6C327CFE02}.Debug|Any CPU.Build.0 = Debug|Any CPU
		{AC2AD74B-1070-4DE6-B68A-AA6C327CFE02}.Release|Any CPU.ActiveCfg = Release|Any CPU
		{AC2AD74B-1070-4DE6-B68A-AA6C327CFE02}.Release|Any CPU.Build.0 = Release|Any CPU
	EndGlobalSection
	GlobalSection(SolutionProperties) = preSolution
		HideSolutionNode = FALSE
	EndGlobalSection
	GlobalSection(ExtensibilityGlobals) = postSolution
		SolutionGuid = {90DECF1D-FEDA-4B15-BC88-1E87BA69AD3A}
	EndGlobalSection
EndGlobal
